// !$*UTF8*$!
{
	archiveVersion = 1;
	classes = {
	};
	objectVersion = 56;
	objects = {

/* Begin PBXBuildFile section */
		47B3037129560721008CCFAF /* AppDelegate.swift in Sources */ = {isa = PBXBuildFile; fileRef = 47B3037029560721008CCFAF /* AppDelegate.swift */; };
		47B3037329560721008CCFAF /* SceneDelegate.swift in Sources */ = {isa = PBXBuildFile; fileRef = 47B3037229560721008CCFAF /* SceneDelegate.swift */; };
		47B3037529560721008CCFAF /* FirstScreen.swift in Sources */ = {isa = PBXBuildFile; fileRef = 47B3037429560721008CCFAF /* FirstScreen.swift */; };
		47B3037A29560722008CCFAF /* Assets.xcassets in Resources */ = {isa = PBXBuildFile; fileRef = 47B3037929560722008CCFAF /* Assets.xcassets */; };
		47B3037D29560722008CCFAF /* LaunchScreen.storyboard in Resources */ = {isa = PBXBuildFile; fileRef = 47B3037B29560722008CCFAF /* LaunchScreen.storyboard */; };
		47B30386295608EE008CCFAF /* Transactions.xcdatamodeld in Sources */ = {isa = PBXBuildFile; fileRef = 47B30384295608EE008CCFAF /* Transactions.xcdatamodeld */; };
		47B3038A29563A4C008CCFAF /* SecondScreen.swift in Sources */ = {isa = PBXBuildFile; fileRef = 47B3038929563A4C008CCFAF /* SecondScreen.swift */; };
		47B3038D29563BB3008CCFAF /* Extras.swift in Sources */ = {isa = PBXBuildFile; fileRef = 47B3038C29563BB3008CCFAF /* Extras.swift */; };
		47B3038F295707DB008CCFAF /* CoreDataService.swift in Sources */ = {isa = PBXBuildFile; fileRef = 47B3038E295707DB008CCFAF /* CoreDataService.swift */; };
		47B30392295719DD008CCFAF /* TransactionCell.swift in Sources */ = {isa = PBXBuildFile; fileRef = 47B30391295719DD008CCFAF /* TransactionCell.swift */; };
/* End PBXBuildFile section */

/* Begin PBXFileReference section */
		47B3036D29560721008CCFAF /* TransactionsTestTaskArkhypchukBohdan.app */ = {isa = PBXFileReference; explicitFileType = wrapper.application; includeInIndex = 0; path = TransactionsTestTaskArkhypchukBohdan.app; sourceTree = BUILT_PRODUCTS_DIR; };
		47B3037029560721008CCFAF /* AppDelegate.swift */ = {isa = PBXFileReference; lastKnownFileType = sourcecode.swift; path = AppDelegate.swift; sourceTree = "<group>"; };
		47B3037229560721008CCFAF /* SceneDelegate.swift */ = {isa = PBXFileReference; lastKnownFileType = sourcecode.swift; path = SceneDelegate.swift; sourceTree = "<group>"; };
		47B3037429560721008CCFAF /* FirstScreen.swift */ = {isa = PBXFileReference; lastKnownFileType = sourcecode.swift; path = FirstScreen.swift; sourceTree = "<group>"; };
		47B3037929560722008CCFAF /* Assets.xcassets */ = {isa = PBXFileReference; lastKnownFileType = folder.assetcatalog; path = Assets.xcassets; sourceTree = "<group>"; };
		47B3037C29560722008CCFAF /* Base */ = {isa = PBXFileReference; lastKnownFileType = file.storyboard; name = Base; path = Base.lproj/LaunchScreen.storyboard; sourceTree = "<group>"; };
		47B3037E29560722008CCFAF /* Info.plist */ = {isa = PBXFileReference; lastKnownFileType = text.plist.xml; path = Info.plist; sourceTree = "<group>"; };
		47B30385295608EE008CCFAF /* Transactions.xcdatamodel */ = {isa = PBXFileReference; lastKnownFileType = wrapper.xcdatamodel; path = Transactions.xcdatamodel; sourceTree = "<group>"; };
		47B3038929563A4C008CCFAF /* SecondScreen.swift */ = {isa = PBXFileReference; lastKnownFileType = sourcecode.swift; path = SecondScreen.swift; sourceTree = "<group>"; };
		47B3038C29563BB3008CCFAF /* Extras.swift */ = {isa = PBXFileReference; lastKnownFileType = sourcecode.swift; path = Extras.swift; sourceTree = "<group>"; };
		47B3038E295707DB008CCFAF /* CoreDataService.swift */ = {isa = PBXFileReference; fileEncoding = 4; lastKnownFileType = sourcecode.swift; path = CoreDataService.swift; sourceTree = "<group>"; };
		47B30391295719DD008CCFAF /* TransactionCell.swift */ = {isa = PBXFileReference; lastKnownFileType = sourcecode.swift; path = TransactionCell.swift; sourceTree = "<group>"; };
/* End PBXFileReference section */

/* Begin PBXFrameworksBuildPhase section */
		47B3036A29560721008CCFAF /* Frameworks */ = {
			isa = PBXFrameworksBuildPhase;
			buildActionMask = 2147483647;
			files = (
			);
			runOnlyForDeploymentPostprocessing = 0;
		};
/* End PBXFrameworksBuildPhase section */

/* Begin PBXGroup section */
		47B3036429560721008CCFAF = {
			isa = PBXGroup;
			children = (
				47B30384295608EE008CCFAF /* Transactions.xcdatamodeld */,
				47B3036F29560721008CCFAF /* TransactionsTestTaskArkhypchukBohdan */,
				47B3036E29560721008CCFAF /* Products */,
			);
			sourceTree = "<group>";
		};
		47B3036E29560721008CCFAF /* Products */ = {
			isa = PBXGroup;
			children = (
				47B3036D29560721008CCFAF /* TransactionsTestTaskArkhypchukBohdan.app */,
			);
			name = Products;
			sourceTree = "<group>";
		};
		47B3036F29560721008CCFAF /* TransactionsTestTaskArkhypchukBohdan */ = {
			isa = PBXGroup;
			children = (
				47B30390295707F3008CCFAF /* Utils */,
				47B3038B29563B98008CCFAF /* ViewControllers  */,
				47B3037029560721008CCFAF /* AppDelegate.swift */,
				47B3037229560721008CCFAF /* SceneDelegate.swift */,
				47B3037929560722008CCFAF /* Assets.xcassets */,
				47B3037B29560722008CCFAF /* LaunchScreen.storyboard */,
				47B3037E29560722008CCFAF /* Info.plist */,
			);
			path = TransactionsTestTaskArkhypchukBohdan;
			sourceTree = "<group>";
		};
		47B3038B29563B98008CCFAF /* ViewControllers  */ = {
			isa = PBXGroup;
			children = (
				47B3037429560721008CCFAF /* FirstScreen.swift */,
				47B3038929563A4C008CCFAF /* SecondScreen.swift */,
			);
			path = "ViewControllers ";
			sourceTree = "<group>";
		};
		47B30390295707F3008CCFAF /* Utils */ = {
			isa = PBXGroup;
			children = (
				47B30391295719DD008CCFAF /* TransactionCell.swift */,
				47B3038E295707DB008CCFAF /* CoreDataService.swift */,
				47B3038C29563BB3008CCFAF /* Extras.swift */,
			);
			path = Utils;
			sourceTree = "<group>";
		};
/* End PBXGroup section */

/* Begin PBXNativeTarget section */
		47B3036C29560721008CCFAF /* TransactionsTestTaskArkhypchukBohdan */ = {
			isa = PBXNativeTarget;
			buildConfigurationList = 47B3038129560722008CCFAF /* Build configuration list for PBXNativeTarget "TransactionsTestTaskArkhypchukBohdan" */;
			buildPhases = (
				47B3036929560721008CCFAF /* Sources */,
				47B3036A29560721008CCFAF /* Frameworks */,
				47B3036B29560721008CCFAF /* Resources */,
			);
			buildRules = (
			);
			dependencies = (
			);
			name = TransactionsTestTaskArkhypchukBohdan;
			productName = TransactionsTestTaskArkhypchukBohdan;
			productReference = 47B3036D29560721008CCFAF /* TransactionsTestTaskArkhypchukBohdan.app */;
			productType = "com.apple.product-type.application";
		};
/* End PBXNativeTarget section */

/* Begin PBXProject section */
		47B3036529560721008CCFAF /* Project object */ = {
			isa = PBXProject;
			attributes = {
				BuildIndependentTargetsInParallel = 1;
				LastSwiftUpdateCheck = 1420;
				LastUpgradeCheck = 1420;
				TargetAttributes = {
					47B3036C29560721008CCFAF = {
						CreatedOnToolsVersion = 14.2;
					};
				};
			};
			buildConfigurationList = 47B3036829560721008CCFAF /* Build configuration list for PBXProject "TransactionsTestTaskArkhypchukBohdan" */;
			compatibilityVersion = "Xcode 14.0";
			developmentRegion = en;
			hasScannedForEncodings = 0;
			knownRegions = (
				en,
				Base,
			);
			mainGroup = 47B3036429560721008CCFAF;
			productRefGroup = 47B3036E29560721008CCFAF /* Products */;
			projectDirPath = "";
			projectRoot = "";
			targets = (
				47B3036C29560721008CCFAF /* TransactionsTestTaskArkhypchukBohdan */,
			);
		};
/* End PBXProject section */

/* Begin PBXResourcesBuildPhase section */
		47B3036B29560721008CCFAF /* Resources */ = {
			isa = PBXResourcesBuildPhase;
			buildActionMask = 2147483647;
			files = (
				47B3037D29560722008CCFAF /* LaunchScreen.storyboard in Resources */,
				47B3037A29560722008CCFAF /* Assets.xcassets in Resources */,
			);
			runOnlyForDeploymentPostprocessing = 0;
		};
/* End PBXResourcesBuildPhase section */

/* Begin PBXSourcesBuildPhase section */
		47B3036929560721008CCFAF /* Sources */ = {
			isa = PBXSourcesBuildPhase;
			buildActionMask = 2147483647;
			files = (
				47B3038F295707DB008CCFAF /* CoreDataService.swift in Sources */,
				47B3038D29563BB3008CCFAF /* Extras.swift in Sources */,
				47B3037529560721008CCFAF /* FirstScreen.swift in Sources */,
				47B3037129560721008CCFAF /* AppDelegate.swift in Sources */,
				47B30386295608EE008CCFAF /* Transactions.xcdatamodeld in Sources */,
				47B3037329560721008CCFAF /* SceneDelegate.swift in Sources */,
				47B30392295719DD008CCFAF /* TransactionCell.swift in Sources */,
				47B3038A29563A4C008CCFAF /* SecondScreen.swift in Sources */,
			);
			runOnlyForDeploymentPostprocessing = 0;
		};
/* End PBXSourcesBuildPhase section */

/* Begin PBXVariantGroup section */
		47B3037B29560722008CCFAF /* LaunchScreen.storyboard */ = {
			isa = PBXVariantGroup;
			children = (
				47B3037C29560722008CCFAF /* Base */,
			);
			name = LaunchScreen.storyboard;
			sourceTree = "<group>";
		};
/* End PBXVariantGroup section */

/* Begin XCBuildConfiguration section */
		47B3037F29560722008CCFAF /* Debug */ = {
			isa = XCBuildConfiguration;
			buildSettings = {
				ALWAYS_SEARCH_USER_PATHS = NO;
				CLANG_ANALYZER_NONNULL = YES;
				CLANG_ANALYZER_NUMBER_OBJECT_CONVERSION = YES_AGGRESSIVE;
				CLANG_CXX_LANGUAGE_STANDARD = "gnu++20";
				CLANG_ENABLE_MODULES = YES;
				CLANG_ENABLE_OBJC_ARC = YES;
				CLANG_ENABLE_OBJC_WEAK = YES;
				CLANG_WARN_BLOCK_CAPTURE_AUTORELEASING = YES;
				CLANG_WARN_BOOL_CONVERSION = YES;
				CLANG_WARN_COMMA = YES;
				CLANG_WARN_CONSTANT_CONVERSION = YES;
				CLANG_WARN_DEPRECATED_OBJC_IMPLEMENTATIONS = YES;
				CLANG_WARN_DIRECT_OBJC_ISA_USAGE = YES_ERROR;
				CLANG_WARN_DOCUMENTATION_COMMENTS = YES;
				CLANG_WARN_EMPTY_BODY = YES;
				CLANG_WARN_ENUM_CONVERSION = YES;
				CLANG_WARN_INFINITE_RECURSION = YES;
				CLANG_WARN_INT_CONVERSION = YES;
				CLANG_WARN_NON_LITERAL_NULL_CONVERSION = YES;
				CLANG_WARN_OBJC_IMPLICIT_RETAIN_SELF = YES;
				CLANG_WARN_OBJC_LITERAL_CONVERSION = YES;
				CLANG_WARN_OBJC_ROOT_CLASS = YES_ERROR;
				CLANG_WARN_QUOTED_INCLUDE_IN_FRAMEWORK_HEADER = YES;
				CLANG_WARN_RANGE_LOOP_ANALYSIS = YES;
				CLANG_WARN_STRICT_PROTOTYPES = YES;
				CLANG_WARN_SUSPICIOUS_MOVE = YES;
				CLANG_WARN_UNGUARDED_AVAILABILITY = YES_AGGRESSIVE;
				CLANG_WARN_UNREACHABLE_CODE = YES;
				CLANG_WARN__DUPLICATE_METHOD_MATCH = YES;
				COPY_PHASE_STRIP = NO;
				DEBUG_INFORMATION_FORMAT = dwarf;
				ENABLE_STRICT_OBJC_MSGSEND = YES;
				ENABLE_TESTABILITY = YES;
				GCC_C_LANGUAGE_STANDARD = gnu11;
				GCC_DYNAMIC_NO_PIC = NO;
				GCC_NO_COMMON_BLOCKS = YES;
				GCC_OPTIMIZATION_LEVEL = 0;
				GCC_PREPROCESSOR_DEFINITIONS = (
					"DEBUG=1",
					"$(inherited)",
				);
				GCC_WARN_64_TO_32_BIT_CONVERSION = YES;
				GCC_WARN_ABOUT_RETURN_TYPE = YES_ERROR;
				GCC_WARN_UNDECLARED_SELECTOR = YES;
				GCC_WARN_UNINITIALIZED_AUTOS = YES_AGGRESSIVE;
				GCC_WARN_UNUSED_FUNCTION = YES;
				GCC_WARN_UNUSED_VARIABLE = YES;
				IPHONEOS_DEPLOYMENT_TARGET = 16.2;
				MTL_ENABLE_DEBUG_INFO = INCLUDE_SOURCE;
				MTL_FAST_MATH = YES;
				ONLY_ACTIVE_ARCH = YES;
				SDKROOT = iphoneos;
				SWIFT_ACTIVE_COMPILATION_CONDITIONS = DEBUG;
				SWIFT_OPTIMIZATION_LEVEL = "-Onone";
			};
			name = Debug;
		};
		47B3038029560722008CCFAF /* Release */ = {
			isa = XCBuildConfiguration;
			buildSettings = {
				ALWAYS_SEARCH_USER_PATHS = NO;
				CLANG_ANALYZER_NONNULL = YES;
				CLANG_ANALYZER_NUMBER_OBJECT_CONVERSION = YES_AGGRESSIVE;
				CLANG_CXX_LANGUAGE_STANDARD = "gnu++20";
				CLANG_ENABLE_MODULES = YES;
				CLANG_ENABLE_OBJC_ARC = YES;
				CLANG_ENABLE_OBJC_WEAK = YES;
				CLANG_WARN_BLOCK_CAPTURE_AUTORELEASING = YES;
				CLANG_WARN_BOOL_CONVERSION = YES;
				CLANG_WARN_COMMA = YES;
				CLANG_WARN_CONSTANT_CONVERSION = YES;
				CLANG_WARN_DEPRECATED_OBJC_IMPLEMENTATIONS = YES;
				CLANG_WARN_DIRECT_OBJC_ISA_USAGE = YES_ERROR;
				CLANG_WARN_DOCUMENTATION_COMMENTS = YES;
				CLANG_WARN_EMPTY_BODY = YES;
				CLANG_WARN_ENUM_CONVERSION = YES;
				CLANG_WARN_INFINITE_RECURSION = YES;
				CLANG_WARN_INT_CONVERSION = YES;
				CLANG_WARN_NON_LITERAL_NULL_CONVERSION = YES;
				CLANG_WARN_OBJC_IMPLICIT_RETAIN_SELF = YES;
				CLANG_WARN_OBJC_LITERAL_CONVERSION = YES;
				CLANG_WARN_OBJC_ROOT_CLASS = YES_ERROR;
				CLANG_WARN_QUOTED_INCLUDE_IN_FRAMEWORK_HEADER = YES;
				CLANG_WARN_RANGE_LOOP_ANALYSIS = YES;
				CLANG_WARN_STRICT_PROTOTYPES = YES;
				CLANG_WARN_SUSPICIOUS_MOVE = YES;
				CLANG_WARN_UNGUARDED_AVAILABILITY = YES_AGGRESSIVE;
				CLANG_WARN_UNREACHABLE_CODE = YES;
				CLANG_WARN__DUPLICATE_METHOD_MATCH = YES;
				COPY_PHASE_STRIP = NO;
				DEBUG_INFORMATION_FORMAT = "dwarf-with-dsym";
				ENABLE_NS_ASSERTIONS = NO;
				ENABLE_STRICT_OBJC_MSGSEND = YES;
				GCC_C_LANGUAGE_STANDARD = gnu11;
				GCC_NO_COMMON_BLOCKS = YES;
				GCC_WARN_64_TO_32_BIT_CONVERSION = YES;
				GCC_WARN_ABOUT_RETURN_TYPE = YES_ERROR;
				GCC_WARN_UNDECLARED_SELECTOR = YES;
				GCC_WARN_UNINITIALIZED_AUTOS = YES_AGGRESSIVE;
				GCC_WARN_UNUSED_FUNCTION = YES;
				GCC_WARN_UNUSED_VARIABLE = YES;
				IPHONEOS_DEPLOYMENT_TARGET = 16.2;
				MTL_ENABLE_DEBUG_INFO = NO;
				MTL_FAST_MATH = YES;
				SDKROOT = iphoneos;
				SWIFT_COMPILATION_MODE = wholemodule;
				SWIFT_OPTIMIZATION_LEVEL = "-O";
				VALIDATE_PRODUCT = YES;
			};
			name = Release;
		};
		47B3038229560722008CCFAF /* Debug */ = {
			isa = XCBuildConfiguration;
			buildSettings = {
				ASSETCATALOG_COMPILER_APPICON_NAME = AppIcon;
				ASSETCATALOG_COMPILER_GLOBAL_ACCENT_COLOR_NAME = AccentColor;
				CODE_SIGN_STYLE = Automatic;
				CURRENT_PROJECT_VERSION = 1;
				DEVELOPMENT_TEAM = VNU8KKW4GG;
				GENERATE_INFOPLIST_FILE = YES;
				INFOPLIST_FILE = TransactionsTestTaskArkhypchukBohdan/Info.plist;
				INFOPLIST_KEY_UIApplicationSupportsIndirectInputEvents = YES;
				INFOPLIST_KEY_UILaunchStoryboardName = LaunchScreen;
				INFOPLIST_KEY_UISupportedInterfaceOrientations_iPad = "UIInterfaceOrientationPortrait UIInterfaceOrientationPortraitUpsideDown UIInterfaceOrientationLandscapeLeft UIInterfaceOrientationLandscapeRight";
				INFOPLIST_KEY_UISupportedInterfaceOrientations_iPhone = "UIInterfaceOrientationPortrait UIInterfaceOrientationLandscapeLeft UIInterfaceOrientationLandscapeRight";
				IPHONEOS_DEPLOYMENT_TARGET = 16.0;
				LD_RUNPATH_SEARCH_PATHS = (
					"$(inherited)",
					"@executable_path/Frameworks",
				);
				MARKETING_VERSION = 1.0;
				PRODUCT_BUNDLE_IDENTIFIER = ua.edu.ukma.Arkhypchuk.TransactionsTestTaskArkhypchukBohdan;
				PRODUCT_NAME = "$(TARGET_NAME)";
				SUPPORTED_PLATFORMS = "iphoneos iphonesimulator";
				SUPPORTS_MACCATALYST = NO;
				SUPPORTS_MAC_DESIGNED_FOR_IPHONE_IPAD = NO;
				SWIFT_EMIT_LOC_STRINGS = YES;
				SWIFT_VERSION = 5.0;
				TARGETED_DEVICE_FAMILY = 1;
			};
			name = Debug;
		};
		47B3038329560722008CCFAF /* Release */ = {
			isa = XCBuildConfiguration;
			buildSettings = {
				ASSETCATALOG_COMPILER_APPICON_NAME = AppIcon;
				ASSETCATALOG_COMPILER_GLOBAL_ACCENT_COLOR_NAME = AccentColor;
				CODE_SIGN_STYLE = Automatic;
				CURRENT_PROJECT_VERSION = 1;
				DEVELOPMENT_TEAM = VNU8KKW4GG;
				GENERATE_INFOPLIST_FILE = YES;
				INFOPLIST_FILE = TransactionsTestTaskArkhypchukBohdan/Info.plist;
				INFOPLIST_KEY_UIApplicationSupportsIndirectInputEvents = YES;
				INFOPLIST_KEY_UILaunchStoryboardName = LaunchScreen;
				INFOPLIST_KEY_UISupportedInterfaceOrientations_iPad = "UIInterfaceOrientationPortrait UIInterfaceOrientationPortraitUpsideDown UIInterfaceOrientationLandscapeLeft UIInterfaceOrientationLandscapeRight";
				INFOPLIST_KEY_UISupportedInterfaceOrientations_iPhone = "UIInterfaceOrientationPortrait UIInterfaceOrientationLandscapeLeft UIInterfaceOrientationLandscapeRight";
				IPHONEOS_DEPLOYMENT_TARGET = 16.0;
				LD_RUNPATH_SEARCH_PATHS = (
					"$(inherited)",
					"@executable_path/Frameworks",
				);
				MARKETING_VERSION = 1.0;
				PRODUCT_BUNDLE_IDENTIFIER = ua.edu.ukma.Arkhypchuk.TransactionsTestTaskArkhypchukBohdan;
				PRODUCT_NAME = "$(TARGET_NAME)";
				SUPPORTED_PLATFORMS = "iphoneos iphonesimulator";
				SUPPORTS_MACCATALYST = NO;
				SUPPORTS_MAC_DESIGNED_FOR_IPHONE_IPAD = NO;
				SWIFT_EMIT_LOC_STRINGS = YES;
				SWIFT_VERSION = 5.0;
				TARGETED_DEVICE_FAMILY = 1;
			};
			name = Release;
		};
/* End XCBuildConfiguration section */

/* Begin XCConfigurationList section */
		47B3036829560721008CCFAF /* Build configuration list for PBXProject "TransactionsTestTaskArkhypchukBohdan" */ = {
			isa = XCConfigurationList;
			buildConfigurations = (
				47B3037F29560722008CCFAF /* Debug */,
				47B3038029560722008CCFAF /* Release */,
			);
			defaultConfigurationIsVisible = 0;
			defaultConfigurationName = Release;
		};
		47B3038129560722008CCFAF /* Build configuration list for PBXNativeTarget "TransactionsTestTaskArkhypchukBohdan" */ = {
			isa = XCConfigurationList;
			buildConfigurations = (
				47B3038229560722008CCFAF /* Debug */,
				47B3038329560722008CCFAF /* Release */,
			);
			defaultConfigurationIsVisible = 0;
			defaultConfigurationName = Release;
		};
/* End XCConfigurationList section */

/* Begin XCVersionGroup section */
		47B30384295608EE008CCFAF /* Transactions.xcdatamodeld */ = {
			isa = XCVersionGroup;
			children = (
				47B30385295608EE008CCFAF /* Transactions.xcdatamodel */,
			);
			currentVersion = 47B30385295608EE008CCFAF /* Transactions.xcdatamodel */;
			path = Transactions.xcdatamodeld;
			sourceTree = "<group>";
			versionGroupType = wrapper.xcdatamodel;
		};
/* End XCVersionGroup section */
	};
	rootObject = 47B3036529560721008CCFAF /* Project object */;
}
